// !$*UTF8*$!
{
	archiveVersion = 1;
	classes = {
	};
	objectVersion = 46;
	objects = {

/* Begin PBXBuildFile section */
		11A1FCFB1C47CF0A00D1D754 /* main.m in Sources */ = {isa = PBXBuildFile; fileRef = 11A1FCFA1C47CF0A00D1D754 /* main.m */; };
		11A1FCFE1C47CF0A00D1D754 /* AppDelegate.m in Sources */ = {isa = PBXBuildFile; fileRef = 11A1FCFD1C47CF0A00D1D754 /* AppDelegate.m */; };
		11A1FD011C47CF0A00D1D754 /* ViewController.m in Sources */ = {isa = PBXBuildFile; fileRef = 11A1FD001C47CF0A00D1D754 /* ViewController.m */; };
		11A1FD041C47CF0A00D1D754 /* Main.storyboard in Resources */ = {isa = PBXBuildFile; fileRef = 11A1FD021C47CF0A00D1D754 /* Main.storyboard */; };
		11A1FD061C47CF0A00D1D754 /* Assets.xcassets in Resources */ = {isa = PBXBuildFile; fileRef = 11A1FD051C47CF0A00D1D754 /* Assets.xcassets */; };
		11A1FD091C47CF0A00D1D754 /* LaunchScreen.storyboard in Resources */ = {isa = PBXBuildFile; fileRef = 11A1FD071C47CF0A00D1D754 /* LaunchScreen.storyboard */; };
/* End PBXBuildFile section */

/* Begin PBXFileReference section */
		11A1FCF61C47CF0900D1D754 /* MyFirstHubApp.app */ = {isa = PBXFileReference; explicitFileType = wrapper.application; includeInIndex = 0; path = MyFirstHubApp.app; sourceTree = BUILT_PRODUCTS_DIR; };
		11A1FCFA1C47CF0A00D1D754 /* main.m */ = {isa = PBXFileReference; lastKnownFileType = sourcecode.c.objc; path = main.m; sourceTree = "<group>"; };
		11A1FCFC1C47CF0A00D1D754 /* AppDelegate.h */ = {isa = PBXFileReference; lastKnownFileType = sourcecode.c.h; path = AppDelegate.h; sourceTree = "<group>"; };
		11A1FCFD1C47CF0A00D1D754 /* AppDelegate.m */ = {isa = PBXFileReference; lastKnownFileType = sourcecode.c.objc; path = AppDelegate.m; sourceTree = "<group>"; };
		11A1FCFF1C47CF0A00D1D754 /* ViewController.h */ = {isa = PBXFileReference; lastKnownFileType = sourcecode.c.h; path = ViewController.h; sourceTree = "<group>"; };
		11A1FD001C47CF0A00D1D754 /* ViewController.m */ = {isa = PBXFileReference; lastKnownFileType = sourcecode.c.objc; path = ViewController.m; sourceTree = "<group>"; };
		11A1FD031C47CF0A00D1D754 /* Base */ = {isa = PBXFileReference; lastKnownFileType = file.storyboard; name = Base; path = Base.lproj/Main.storyboard; sourceTree = "<group>"; };
		11A1FD051C47CF0A00D1D754 /* Assets.xcassets */ = {isa = PBXFileReference; lastKnownFileType = folder.assetcatalog; path = Assets.xcassets; sourceTree = "<group>"; };
		11A1FD081C47CF0A00D1D754 /* Base */ = {isa = PBXFileReference; lastKnownFileType = file.storyboard; name = Base; path = Base.lproj/LaunchScreen.storyboard; sourceTree = "<group>"; };
		11A1FD0A1C47CF0A00D1D754 /* Info.plist */ = {isa = PBXFileReference; lastKnownFileType = text.plist.xml; path = Info.plist; sourceTree = "<group>"; };
/* End PBXFileReference section */

/* Begin PBXFrameworksBuildPhase section */
		11A1FCF31C47CF0900D1D754 /* Frameworks */ = {
			isa = PBXFrameworksBuildPhase;
			buildActionMask = 2147483647;
			files = (
			);
			runOnlyForDeploymentPostprocessing = 0;
		};
/* End PBXFrameworksBuildPhase section */

/* Begin PBXGroup section */
		11A1FCED1C47CF0900D1D754 = {
			isa = PBXGroup;
			children = (
				11A1FCF81C47CF0A00D1D754 /* MyFirstHubApp */,
				11A1FCF71C47CF0900D1D754 /* Products */,
			);
			sourceTree = "<group>";
		};
		11A1FCF71C47CF0900D1D754 /* Products */ = {
			isa = PBXGroup;
			children = (
				11A1FCF61C47CF0900D1D754 /* MyFirstHubApp.app */,
			);
			name = Products;
			sourceTree = "<group>";
		};
		11A1FCF81C47CF0A00D1D754 /* MyFirstHubApp */ = {
			isa = PBXGroup;
			children = (
				11A1FCFC1C47CF0A00D1D754 /* AppDelegate.h */,
				11A1FCFD1C47CF0A00D1D754 /* AppDelegate.m */,
				11A1FCFF1C47CF0A00D1D754 /* ViewController.h */,
				11A1FD001C47CF0A00D1D754 /* ViewController.m */,
				11A1FD021C47CF0A00D1D754 /* Main.storyboard */,
				11A1FD051C47CF0A00D1D754 /* Assets.xcassets */,
				11A1FD071C47CF0A00D1D754 /* LaunchScreen.storyboard */,
				11A1FD0A1C47CF0A00D1D754 /* Info.plist */,
				11A1FCF91C47CF0A00D1D754 /* Supporting Files */,
			);
			path = MyFirstHubApp;
			sourceTree = "<group>";
		};
		11A1FCF91C47CF0A00D1D754 /* Supporting Files */ = {
			isa = PBXGroup;
			children = (
				11A1FCFA1C47CF0A00D1D754 /* main.m */,
			);
			name = "Supporting Files";
			sourceTree = "<group>";
		};
/* End PBXGroup section */

/* Begin PBXNativeTarget section */
		11A1FCF51C47CF0900D1D754 /* MyFirstHubApp */ = {
			isa = PBXNativeTarget;
			buildConfigurationList = 11A1FD0D1C47CF0A00D1D754 /* Build configuration list for PBXNativeTarget "MyFirstHubApp" */;
			buildPhases = (
				11A1FCF21C47CF0900D1D754 /* Sources */,
				11A1FCF31C47CF0900D1D754 /* Frameworks */,
				11A1FCF41C47CF0900D1D754 /* Resources */,
			);
			buildRules = (
			);
			dependencies = (
			);
			name = MyFirstHubApp;
			productName = MyFirstHubApp;
			productReference = 11A1FCF61C47CF0900D1D754 /* MyFirstHubApp.app */;
			productType = "com.apple.product-type.application";
		};
/* End PBXNativeTarget section */

/* Begin PBXProject section */
		11A1FCEE1C47CF0900D1D754 /* Project object */ = {
			isa = PBXProject;
			attributes = {
				LastUpgradeCheck = 0720;
				ORGANIZATIONNAME = zhaotengfei;
				TargetAttributes = {
					11A1FCF51C47CF0900D1D754 = {
						CreatedOnToolsVersion = 7.2;
					};
				};
			};
			buildConfigurationList = 11A1FCF11C47CF0900D1D754 /* Build configuration list for PBXProject "MyFirstHubApp" */;
			compatibilityVersion = "Xcode 3.2";
			developmentRegion = English;
			hasScannedForEncodings = 0;
			knownRegions = (
				en,
				Base,
			);
			mainGroup = 11A1FCED1C47CF0900D1D754;
			productRefGroup = 11A1FCF71C47CF0900D1D754 /* Products */;
			projectDirPath = "";
			projectRoot = "";
			targets = (
				11A1FCF51C47CF0900D1D754 /* MyFirstHubApp */,
			);
		};
/* End PBXProject section */

/* Begin PBXResourcesBuildPhase section */
		11A1FCF41C47CF0900D1D754 /* Resources */ = {
			isa = PBXResourcesBuildPhase;
			buildActionMask = 2147483647;
			files = (
				11A1FD091C47CF0A00D1D754 /* LaunchScreen.storyboard in Resources */,
				11A1FD061C47CF0A00D1D754 /* Assets.xcassets in Resources */,
				11A1FD041C47CF0A00D1D754 /* Main.storyboard in Resources */,
			);
			runOnlyForDeploymentPostprocessing = 0;
		};
/* End PBXResourcesBuildPhase section */

/* Begin PBXSourcesBuildPhase section */
		11A1FCF21C47CF0900D1D754 /* Sources */ = {
			isa = PBXSourcesBuildPhase;
			buildActionMask = 2147483647;
			files = (
				11A1FD011C47CF0A00D1D754 /* ViewController.m in Sources */,
				11A1FCFE1C47CF0A00D1D754 /* AppDelegate.m in Sources */,
				11A1FCFB1C47CF0A00D1D754 /* main.m in Sources */,
			);
			runOnlyForDeploymentPostprocessing = 0;
		};
/* End PBXSourcesBuildPhase section */

/* Begin PBXVariantGroup section */
		11A1FD021C47CF0A00D1D754 /* Main.storyboard */ = {
			isa = PBXVariantGroup;
			children = (
				11A1FD031C47CF0A00D1D754 /* Base */,
			);
			name = Main.storyboard;
			sourceTree = "<group>";
		};
		11A1FD071C47CF0A00D1D754 /* LaunchScreen.storyboard */ = {
			isa = PBXVariantGroup;
			children = (
				11A1FD081C47CF0A00D1D754 /* Base */,
			);
			name = LaunchScreen.storyboard;
			sourceTree = "<group>";
		};
/* End PBXVariantGroup section */

/* Begin XCBuildConfiguration section */
		11A1FD0B1C47CF0A00D1D754 /* Debug */ = {
			isa = XCBuildConfiguration;
			buildSettings = {
				ALWAYS_SEARCH_USER_PATHS = NO;
				CLANG_CXX_LANGUAGE_STANDARD = "gnu++0x";
				CLANG_CXX_LIBRARY = "libc++";
				CLANG_ENABLE_MODULES = YES;
				CLANG_ENABLE_OBJC_ARC = YES;
				CLANG_WARN_BOOL_CONVERSION = YES;
				CLANG_WARN_CONSTANT_CONVERSION = YES;
				CLANG_WARN_DIRECT_OBJC_ISA_USAGE = YES_ERROR;
				CLANG_WARN_EMPTY_BODY = YES;
				CLANG_WARN_ENUM_CONVERSION = YES;
				CLANG_WARN_INT_CONVERSION = YES;
				CLANG_WARN_OBJC_ROOT_CLASS = YES_ERROR;
				CLANG_WARN_UNREACHABLE_CODE = YES;
				CLANG_WARN__DUPLICATE_METHOD_MATCH = YES;
				"CODE_SIGN_IDENTITY[sdk=iphoneos*]" = "iPhone Developer";
				COPY_PHASE_STRIP = NO;
				DEBUG_INFORMATION_FORMAT = dwarf;
				ENABLE_STRICT_OBJC_MSGSEND = YES;
				ENABLE_TESTABILITY = YES;
				GCC_C_LANGUAGE_STANDARD = gnu99;
				GCC_DYNAMIC_NO_PIC = NO;
				GCC_NO_COMMON_BLOCKS = YES;
				GCC_OPTIMIZATION_LEVEL = 0;
				GCC_PREPROCESSOR_DEFINITIONS = (
					"DEBUG=1",
					"$(inherited)",
				);
				GCC_WARN_64_TO_32_BIT_CONVERSION = YES;
				GCC_WARN_ABOUT_RETURN_TYPE = YES_ERROR;
				GCC_WARN_UNDECLARED_SELECTOR = YES;
				GCC_WARN_UNINITIALIZED_AUTOS = YES_AGGRESSIVE;
				GCC_WARN_UNUSED_FUNCTION = YES;
				GCC_WARN_UNUSED_VARIABLE = YES;
				IPHONEOS_DEPLOYMENT_TARGET = 9.2;
				MTL_ENABLE_DEBUG_INFO = YES;
				ONLY_ACTIVE_ARCH = YES;
				SDKROOT = iphoneos;
			};
			name = Debug;
		};
		11A1FD0C1C47CF0A00D1D754 /* Release */ = {
			isa = XCBuildConfiguration;
			buildSettings = {
				ALWAYS_SEARCH_USER_PATHS = NO;
				CLANG_CXX_LANGUAGE_STANDARD = "gnu++0x";
				CLANG_CXX_LIBRARY = "libc++";
				CLANG_ENABLE_MODULES = YES;
				CLANG_ENABLE_OBJC_ARC = YES;
				CLANG_WARN_BOOL_CONVERSION = YES;
				CLANG_WARN_CONSTANT_CONVERSION = YES;
				CLANG_WARN_DIRECT_OBJC_ISA_USAGE = YES_ERROR;
				CLANG_WARN_EMPTY_BODY = YES;
				CLANG_WARN_ENUM_CONVERSION = YES;
				CLANG_WARN_INT_CONVERSION = YES;
				CLANG_WARN_OBJC_ROOT_CLASS = YES_ERROR;
				CLANG_WARN_UNREACHABLE_CODE = YES;
				CLANG_WARN__DUPLICATE_METHOD_MATCH = YES;
				"CODE_SIGN_IDENTITY[sdk=iphoneos*]" = "iPhone Developer";
				COPY_PHASE_STRIP = NO;
				DEBUG_INFORMATION_FORMAT = "dwarf-with-dsym";
				ENABLE_NS_ASSERTIONS = NO;
				ENABLE_STRICT_OBJC_MSGSEND = YES;
				GCC_C_LANGUAGE_STANDARD = gnu99;
				GCC_NO_COMMON_BLOCKS = YES;
				GCC_WARN_64_TO_32_BIT_CONVERSION = YES;
				GCC_WARN_ABOUT_RETURN_TYPE = YES_ERROR;
				GCC_WARN_UNDECLARED_SELECTOR = YES;
				GCC_WARN_UNINITIALIZED_AUTOS = YES_AGGRESSIVE;
				GCC_WARN_UNUSED_FUNCTION = YES;
				GCC_WARN_UNUSED_VARIABLE = YES;
				IPHONEOS_DEPLOYMENT_TARGET = 9.2;
				MTL_ENABLE_DEBUG_INFO = NO;
				SDKROOT = iphoneos;
				VALIDATE_PRODUCT = YES;
			};
			name = Release;
		};
		11A1FD0E1C47CF0A00D1D754 /* Debug */ = {
			isa = XCBuildConfiguration;
			buildSettings = {
				ASSETCATALOG_COMPILER_APPICON_NAME = AppIcon;
				INFOPLIST_FILE = MyFirstHubApp/Info.plist;
				LD_RUNPATH_SEARCH_PATHS = "$(inherited) @executable_path/Frameworks";
				PRODUCT_BUNDLE_IDENTIFIER = com.quanya.MyFirstHubApp;
				PRODUCT_NAME = "$(TARGET_NAME)";
			};
			name = Debug;
		};
		11A1FD0F1C47CF0A00D1D754 /* Release */ = {
			isa = XCBuildConfiguration;
			buildSettings = {
				ASSETCATALOG_COMPILER_APPICON_NAME = AppIcon;
				INFOPLIST_FILE = MyFirstHubApp/Info.plist;
				LD_RUNPATH_SEARCH_PATHS = "$(inherited) @executable_path/Frameworks";
				PRODUCT_BUNDLE_IDENTIFIER = com.quanya.MyFirstHubApp;
				PRODUCT_NAME = "$(TARGET_NAME)";
			};
			name = Release;
		};
/* End XCBuildConfiguration section */

/* Begin XCConfigurationList section */
		11A1FCF11C47CF0900D1D754 /* Build configuration list for PBXProject "MyFirstHubApp" */ = {
			isa = XCConfigurationList;
			buildConfigurations = (
				11A1FD0B1C47CF0A00D1D754 /* Debug */,
				11A1FD0C1C47CF0A00D1D754 /* Release */,
			);
			defaultConfigurationIsVisible = 0;
			defaultConfigurationName = Release;
		};
		11A1FD0D1C47CF0A00D1D754 /* Build configuration list for PBXNativeTarget "MyFirstHubApp" */ = {
			isa = XCConfigurationList;
			buildConfigurations = (
				11A1FD0E1C47CF0A00D1D754 /* Debug */,
				11A1FD0F1C47CF0A00D1D754 /* Release */,
			);
			defaultConfigurationIsVisible = 0;
		};
/* End XCConfigurationList section */
	};
	rootObject = 11A1FCEE1C47CF0900D1D754 /* Project object */;
}
